
Microsoft Visual Studio Solution File, Format Version 12.00
# Visual Studio Version 16
VisualStudioVersion = 16.0.31424.327
MinimumVisualStudioVersion = 10.0.40219.1
Project("{FAE04EC0-301F-11D3-BF4B-00C04F79EFBC}") = "Login_MVC", "Login_MVC\Login_MVC.csproj", "{74875A00-2864-473C-805F-ED3A7F6C531A}"
EndProject
Global
	GlobalSection(SolutionConfigurationPlatforms) = preSolution
		Debug|Any CPU = Debug|Any CPU
		Release|Any CPU = Release|Any CPU
	EndGlobalSection
	GlobalSection(ProjectConfigurationPlatforms) = postSolution
		{74875A00-2864-473C-805F-ED3A7F6C531A}.Debug|Any CPU.ActiveCfg = Debug|Any CPU
		{74875A00-2864-473C-805F-ED3A7F6C531A}.Debug|Any CPU.Build.0 = Debug|Any CPU
		{74875A00-2864-473C-805F-ED3A7F6C531A}.Release|Any CPU.ActiveCfg = Release|Any CPU
		{74875A00-2864-473C-805F-ED3A7F6C531A}.Release|Any CPU.Build.0 = Release|Any CPU
	EndGlobalSection
	GlobalSection(SolutionProperties) = preSolution
		HideSolutionNode = FALSE
	EndGlobalSection
	GlobalSection(ExtensibilityGlobals) = postSolution
		SolutionGuid = {072AE94F-DFF8-42F6-9476-9822D0DAA4CD}
	EndGlobalSection
EndGlobal
