
Microsoft Visual Studio Solution File, Format Version 12.00
# Visual Studio Version 16
VisualStudioVersion = 16.0.31424.327
MinimumVisualStudioVersion = 10.0.40219.1
Project("{FAE04EC0-301F-11D3-BF4B-00C04F79EFBC}") = "CURSO_YT", "CURSO_YT\CURSO_YT.csproj", "{3A78D64C-6716-4E13-A651-DDE29C4020D0}"
EndProject
Global
	GlobalSection(SolutionConfigurationPlatforms) = preSolution
		Debug|Any CPU = Debug|Any CPU
		Release|Any CPU = Release|Any CPU
	EndGlobalSection
	GlobalSection(ProjectConfigurationPlatforms) = postSolution
		{3A78D64C-6716-4E13-A651-DDE29C4020D0}.Debug|Any CPU.ActiveCfg = Debug|Any CPU
		{3A78D64C-6716-4E13-A651-DDE29C4020D0}.Debug|Any CPU.Build.0 = Debug|Any CPU
		{3A78D64C-6716-4E13-A651-DDE29C4020D0}.Release|Any CPU.ActiveCfg = Release|Any CPU
		{3A78D64C-6716-4E13-A651-DDE29C4020D0}.Release|Any CPU.Build.0 = Release|Any CPU
	EndGlobalSection
	GlobalSection(SolutionProperties) = preSolution
		HideSolutionNode = FALSE
	EndGlobalSection
	GlobalSection(ExtensibilityGlobals) = postSolution
		SolutionGuid = {7173249B-C068-401D-89A3-B0F013EACE37}
	EndGlobalSection
EndGlobal
