
Microsoft Visual Studio Solution File, Format Version 12.00
# Visual Studio Version 16
VisualStudioVersion = 16.0.31424.327
MinimumVisualStudioVersion = 10.0.40219.1
Project("{FAE04EC0-301F-11D3-BF4B-00C04F79EFBC}") = "EntitiDB", "EntitiDB\EntitiDB.csproj", "{8F5CD8D0-3380-47C5-B5C8-32BF4EE14968}"
EndProject
Global
	GlobalSection(SolutionConfigurationPlatforms) = preSolution
		Debug|Any CPU = Debug|Any CPU
		Release|Any CPU = Release|Any CPU
	EndGlobalSection
	GlobalSection(ProjectConfigurationPlatforms) = postSolution
		{8F5CD8D0-3380-47C5-B5C8-32BF4EE14968}.Debug|Any CPU.ActiveCfg = Debug|Any CPU
		{8F5CD8D0-3380-47C5-B5C8-32BF4EE14968}.Debug|Any CPU.Build.0 = Debug|Any CPU
		{8F5CD8D0-3380-47C5-B5C8-32BF4EE14968}.Release|Any CPU.ActiveCfg = Release|Any CPU
		{8F5CD8D0-3380-47C5-B5C8-32BF4EE14968}.Release|Any CPU.Build.0 = Release|Any CPU
	EndGlobalSection
	GlobalSection(SolutionProperties) = preSolution
		HideSolutionNode = FALSE
	EndGlobalSection
	GlobalSection(ExtensibilityGlobals) = postSolution
		SolutionGuid = {733BB8A3-57B0-42BA-A30B-D3E692F8424B}
	EndGlobalSection
EndGlobal
